// !$*UTF8*$!
{
	archiveVersion = 1;
	classes = {
	};
	objectVersion = 46;
	objects = {

/* Begin PBXBuildFile section */
		08D244B71DF95B2000AAC89F /* AppDelegate.swift in Sources */ = {isa = PBXBuildFile; fileRef = 08D244B61DF95B2000AAC89F /* AppDelegate.swift */; };
		08D244B91DF95B2000AAC89F /* ViewController.swift in Sources */ = {isa = PBXBuildFile; fileRef = 08D244B81DF95B2000AAC89F /* ViewController.swift */; };
		08D244BC1DF95B2000AAC89F /* Main.storyboard in Resources */ = {isa = PBXBuildFile; fileRef = 08D244BA1DF95B2000AAC89F /* Main.storyboard */; };
		08D244BF1DF95B2000AAC89F /* Min_Faktura_v1.xcdatamodeld in Sources */ = {isa = PBXBuildFile; fileRef = 08D244BD1DF95B2000AAC89F /* Min_Faktura_v1.xcdatamodeld */; };
		08D244C11DF95B2000AAC89F /* Assets.xcassets in Resources */ = {isa = PBXBuildFile; fileRef = 08D244C01DF95B2000AAC89F /* Assets.xcassets */; };
		08D244C41DF95B2000AAC89F /* LaunchScreen.storyboard in Resources */ = {isa = PBXBuildFile; fileRef = 08D244C21DF95B2000AAC89F /* LaunchScreen.storyboard */; };
		08D244CF1DF95B2000AAC89F /* Min_Faktura_v1Tests.swift in Sources */ = {isa = PBXBuildFile; fileRef = 08D244CE1DF95B2000AAC89F /* Min_Faktura_v1Tests.swift */; };
		08D244DA1DF95B2000AAC89F /* Min_Faktura_v1UITests.swift in Sources */ = {isa = PBXBuildFile; fileRef = 08D244D91DF95B2000AAC89F /* Min_Faktura_v1UITests.swift */; };
/* End PBXBuildFile section */

/* Begin PBXContainerItemProxy section */
		08D244CB1DF95B2000AAC89F /* PBXContainerItemProxy */ = {
			isa = PBXContainerItemProxy;
			containerPortal = 08D244AB1DF95B1F00AAC89F /* Project object */;
			proxyType = 1;
			remoteGlobalIDString = 08D244B21DF95B1F00AAC89F;
			remoteInfo = "Min Faktura v1";
		};
		08D244D61DF95B2000AAC89F /* PBXContainerItemProxy */ = {
			isa = PBXContainerItemProxy;
			containerPortal = 08D244AB1DF95B1F00AAC89F /* Project object */;
			proxyType = 1;
			remoteGlobalIDString = 08D244B21DF95B1F00AAC89F;
			remoteInfo = "Min Faktura v1";
		};
/* End PBXContainerItemProxy section */

/* Begin PBXFileReference section */
		08D244B31DF95B2000AAC89F /* Min Faktura v1.app */ = {isa = PBXFileReference; explicitFileType = wrapper.application; includeInIndex = 0; path = "Min Faktura v1.app"; sourceTree = BUILT_PRODUCTS_DIR; };
		08D244B61DF95B2000AAC89F /* AppDelegate.swift */ = {isa = PBXFileReference; lastKnownFileType = sourcecode.swift; path = AppDelegate.swift; sourceTree = "<group>"; };
		08D244B81DF95B2000AAC89F /* ViewController.swift */ = {isa = PBXFileReference; lastKnownFileType = sourcecode.swift; path = ViewController.swift; sourceTree = "<group>"; };
		08D244BB1DF95B2000AAC89F /* Base */ = {isa = PBXFileReference; lastKnownFileType = file.storyboard; name = Base; path = Base.lproj/Main.storyboard; sourceTree = "<group>"; };
		08D244BE1DF95B2000AAC89F /* Min_Faktura_v1.xcdatamodel */ = {isa = PBXFileReference; lastKnownFileType = wrapper.xcdatamodel; path = Min_Faktura_v1.xcdatamodel; sourceTree = "<group>"; };
		08D244C01DF95B2000AAC89F /* Assets.xcassets */ = {isa = PBXFileReference; lastKnownFileType = folder.assetcatalog; path = Assets.xcassets; sourceTree = "<group>"; };
		08D244C31DF95B2000AAC89F /* Base */ = {isa = PBXFileReference; lastKnownFileType = file.storyboard; name = Base; path = Base.lproj/LaunchScreen.storyboard; sourceTree = "<group>"; };
		08D244C51DF95B2000AAC89F /* Info.plist */ = {isa = PBXFileReference; lastKnownFileType = text.plist.xml; path = Info.plist; sourceTree = "<group>"; };
		08D244CA1DF95B2000AAC89F /* Min Faktura v1Tests.xctest */ = {isa = PBXFileReference; explicitFileType = wrapper.cfbundle; includeInIndex = 0; path = "Min Faktura v1Tests.xctest"; sourceTree = BUILT_PRODUCTS_DIR; };
		08D244CE1DF95B2000AAC89F /* Min_Faktura_v1Tests.swift */ = {isa = PBXFileReference; lastKnownFileType = sourcecode.swift; path = Min_Faktura_v1Tests.swift; sourceTree = "<group>"; };
		08D244D01DF95B2000AAC89F /* Info.plist */ = {isa = PBXFileReference; lastKnownFileType = text.plist.xml; path = Info.plist; sourceTree = "<group>"; };
		08D244D51DF95B2000AAC89F /* Min Faktura v1UITests.xctest */ = {isa = PBXFileReference; explicitFileType = wrapper.cfbundle; includeInIndex = 0; path = "Min Faktura v1UITests.xctest"; sourceTree = BUILT_PRODUCTS_DIR; };
		08D244D91DF95B2000AAC89F /* Min_Faktura_v1UITests.swift */ = {isa = PBXFileReference; lastKnownFileType = sourcecode.swift; path = Min_Faktura_v1UITests.swift; sourceTree = "<group>"; };
		08D244DB1DF95B2000AAC89F /* Info.plist */ = {isa = PBXFileReference; lastKnownFileType = text.plist.xml; path = Info.plist; sourceTree = "<group>"; };
/* End PBXFileReference section */

/* Begin PBXFrameworksBuildPhase section */
		08D244B01DF95B1F00AAC89F /* Frameworks */ = {
			isa = PBXFrameworksBuildPhase;
			buildActionMask = 2147483647;
			files = (
			);
			runOnlyForDeploymentPostprocessing = 0;
		};
		08D244C71DF95B2000AAC89F /* Frameworks */ = {
			isa = PBXFrameworksBuildPhase;
			buildActionMask = 2147483647;
			files = (
			);
			runOnlyForDeploymentPostprocessing = 0;
		};
		08D244D21DF95B2000AAC89F /* Frameworks */ = {
			isa = PBXFrameworksBuildPhase;
			buildActionMask = 2147483647;
			files = (
			);
			runOnlyForDeploymentPostprocessing = 0;
		};
/* End PBXFrameworksBuildPhase section */

/* Begin PBXGroup section */
		08D244AA1DF95B1F00AAC89F = {
			isa = PBXGroup;
			children = (
				08D244B51DF95B2000AAC89F /* Min Faktura v1 */,
				08D244CD1DF95B2000AAC89F /* Min Faktura v1Tests */,
				08D244D81DF95B2000AAC89F /* Min Faktura v1UITests */,
				08D244B41DF95B2000AAC89F /* Products */,
			);
			sourceTree = "<group>";
		};
		08D244B41DF95B2000AAC89F /* Products */ = {
			isa = PBXGroup;
			children = (
				08D244B31DF95B2000AAC89F /* Min Faktura v1.app */,
				08D244CA1DF95B2000AAC89F /* Min Faktura v1Tests.xctest */,
				08D244D51DF95B2000AAC89F /* Min Faktura v1UITests.xctest */,
			);
			name = Products;
			sourceTree = "<group>";
		};
		08D244B51DF95B2000AAC89F /* Min Faktura v1 */ = {
			isa = PBXGroup;
			children = (
				08D244B61DF95B2000AAC89F /* AppDelegate.swift */,
				08D244B81DF95B2000AAC89F /* ViewController.swift */,
				08D244BA1DF95B2000AAC89F /* Main.storyboard */,
				08D244C01DF95B2000AAC89F /* Assets.xcassets */,
				08D244C21DF95B2000AAC89F /* LaunchScreen.storyboard */,
				08D244C51DF95B2000AAC89F /* Info.plist */,
				08D244BD1DF95B2000AAC89F /* Min_Faktura_v1.xcdatamodeld */,
			);
			path = "Min Faktura v1";
			sourceTree = "<group>";
		};
		08D244CD1DF95B2000AAC89F /* Min Faktura v1Tests */ = {
			isa = PBXGroup;
			children = (
				08D244CE1DF95B2000AAC89F /* Min_Faktura_v1Tests.swift */,
				08D244D01DF95B2000AAC89F /* Info.plist */,
			);
			path = "Min Faktura v1Tests";
			sourceTree = "<group>";
		};
		08D244D81DF95B2000AAC89F /* Min Faktura v1UITests */ = {
			isa = PBXGroup;
			children = (
				08D244D91DF95B2000AAC89F /* Min_Faktura_v1UITests.swift */,
				08D244DB1DF95B2000AAC89F /* Info.plist */,
			);
			path = "Min Faktura v1UITests";
			sourceTree = "<group>";
		};
/* End PBXGroup section */

/* Begin PBXNativeTarget section */
		08D244B21DF95B1F00AAC89F /* Min Faktura v1 */ = {
			isa = PBXNativeTarget;
			buildConfigurationList = 08D244DE1DF95B2000AAC89F /* Build configuration list for PBXNativeTarget "Min Faktura v1" */;
			buildPhases = (
				08D244AF1DF95B1F00AAC89F /* Sources */,
				08D244B01DF95B1F00AAC89F /* Frameworks */,
				08D244B11DF95B1F00AAC89F /* Resources */,
			);
			buildRules = (
			);
			dependencies = (
			);
			name = "Min Faktura v1";
			productName = "Min Faktura v1";
			productReference = 08D244B31DF95B2000AAC89F /* Min Faktura v1.app */;
			productType = "com.apple.product-type.application";
		};
		08D244C91DF95B2000AAC89F /* Min Faktura v1Tests */ = {
			isa = PBXNativeTarget;
			buildConfigurationList = 08D244E11DF95B2000AAC89F /* Build configuration list for PBXNativeTarget "Min Faktura v1Tests" */;
			buildPhases = (
				08D244C61DF95B2000AAC89F /* Sources */,
				08D244C71DF95B2000AAC89F /* Frameworks */,
				08D244C81DF95B2000AAC89F /* Resources */,
			);
			buildRules = (
			);
			dependencies = (
				08D244CC1DF95B2000AAC89F /* PBXTargetDependency */,
			);
			name = "Min Faktura v1Tests";
			productName = "Min Faktura v1Tests";
			productReference = 08D244CA1DF95B2000AAC89F /* Min Faktura v1Tests.xctest */;
			productType = "com.apple.product-type.bundle.unit-test";
		};
		08D244D41DF95B2000AAC89F /* Min Faktura v1UITests */ = {
			isa = PBXNativeTarget;
			buildConfigurationList = 08D244E41DF95B2000AAC89F /* Build configuration list for PBXNativeTarget "Min Faktura v1UITests" */;
			buildPhases = (
				08D244D11DF95B2000AAC89F /* Sources */,
				08D244D21DF95B2000AAC89F /* Frameworks */,
				08D244D31DF95B2000AAC89F /* Resources */,
			);
			buildRules = (
			);
			dependencies = (
				08D244D71DF95B2000AAC89F /* PBXTargetDependency */,
			);
			name = "Min Faktura v1UITests";
			productName = "Min Faktura v1UITests";
			productReference = 08D244D51DF95B2000AAC89F /* Min Faktura v1UITests.xctest */;
			productType = "com.apple.product-type.bundle.ui-testing";
		};
/* End PBXNativeTarget section */

/* Begin PBXProject section */
		08D244AB1DF95B1F00AAC89F /* Project object */ = {
			isa = PBXProject;
			attributes = {
				LastSwiftUpdateCheck = 0800;
				LastUpgradeCheck = 0800;
				ORGANIZATIONNAME = MAVI;
				TargetAttributes = {
					08D244B21DF95B1F00AAC89F = {
						CreatedOnToolsVersion = 8.0;
						ProvisioningStyle = Automatic;
					};
					08D244C91DF95B2000AAC89F = {
						CreatedOnToolsVersion = 8.0;
						ProvisioningStyle = Automatic;
						TestTargetID = 08D244B21DF95B1F00AAC89F;
					};
					08D244D41DF95B2000AAC89F = {
						CreatedOnToolsVersion = 8.0;
						ProvisioningStyle = Automatic;
						TestTargetID = 08D244B21DF95B1F00AAC89F;
					};
				};
			};
			buildConfigurationList = 08D244AE1DF95B1F00AAC89F /* Build configuration list for PBXProject "Min Faktura v1" */;
			compatibilityVersion = "Xcode 3.2";
			developmentRegion = English;
			hasScannedForEncodings = 0;
			knownRegions = (
				en,
				Base,
			);
			mainGroup = 08D244AA1DF95B1F00AAC89F;
			productRefGroup = 08D244B41DF95B2000AAC89F /* Products */;
			projectDirPath = "";
			projectRoot = "";
			targets = (
				08D244B21DF95B1F00AAC89F /* Min Faktura v1 */,
				08D244C91DF95B2000AAC89F /* Min Faktura v1Tests */,
				08D244D41DF95B2000AAC89F /* Min Faktura v1UITests */,
			);
		};
/* End PBXProject section */

/* Begin PBXResourcesBuildPhase section */
		08D244B11DF95B1F00AAC89F /* Resources */ = {
			isa = PBXResourcesBuildPhase;
			buildActionMask = 2147483647;
			files = (
				08D244C41DF95B2000AAC89F /* LaunchScreen.storyboard in Resources */,
				08D244C11DF95B2000AAC89F /* Assets.xcassets in Resources */,
				08D244BC1DF95B2000AAC89F /* Main.storyboard in Resources */,
			);
			runOnlyForDeploymentPostprocessing = 0;
		};
		08D244C81DF95B2000AAC89F /* Resources */ = {
			isa = PBXResourcesBuildPhase;
			buildActionMask = 2147483647;
			files = (
			);
			runOnlyForDeploymentPostprocessing = 0;
		};
		08D244D31DF95B2000AAC89F /* Resources */ = {
			isa = PBXResourcesBuildPhase;
			buildActionMask = 2147483647;
			files = (
			);
			runOnlyForDeploymentPostprocessing = 0;
		};
/* End PBXResourcesBuildPhase section */

/* Begin PBXSourcesBuildPhase section */
		08D244AF1DF95B1F00AAC89F /* Sources */ = {
			isa = PBXSourcesBuildPhase;
			buildActionMask = 2147483647;
			files = (
				08D244B91DF95B2000AAC89F /* ViewController.swift in Sources */,
				08D244BF1DF95B2000AAC89F /* Min_Faktura_v1.xcdatamodeld in Sources */,
				08D244B71DF95B2000AAC89F /* AppDelegate.swift in Sources */,
			);
			runOnlyForDeploymentPostprocessing = 0;
		};
		08D244C61DF95B2000AAC89F /* Sources */ = {
			isa = PBXSourcesBuildPhase;
			buildActionMask = 2147483647;
			files = (
				08D244CF1DF95B2000AAC89F /* Min_Faktura_v1Tests.swift in Sources */,
			);
			runOnlyForDeploymentPostprocessing = 0;
		};
		08D244D11DF95B2000AAC89F /* Sources */ = {
			isa = PBXSourcesBuildPhase;
			buildActionMask = 2147483647;
			files = (
				08D244DA1DF95B2000AAC89F /* Min_Faktura_v1UITests.swift in Sources */,
			);
			runOnlyForDeploymentPostprocessing = 0;
		};
/* End PBXSourcesBuildPhase section */

/* Begin PBXTargetDependency section */
		08D244CC1DF95B2000AAC89F /* PBXTargetDependency */ = {
			isa = PBXTargetDependency;
			target = 08D244B21DF95B1F00AAC89F /* Min Faktura v1 */;
			targetProxy = 08D244CB1DF95B2000AAC89F /* PBXContainerItemProxy */;
		};
		08D244D71DF95B2000AAC89F /* PBXTargetDependency */ = {
			isa = PBXTargetDependency;
			target = 08D244B21DF95B1F00AAC89F /* Min Faktura v1 */;
			targetProxy = 08D244D61DF95B2000AAC89F /* PBXContainerItemProxy */;
		};
/* End PBXTargetDependency section */

/* Begin PBXVariantGroup section */
		08D244BA1DF95B2000AAC89F /* Main.storyboard */ = {
			isa = PBXVariantGroup;
			children = (
				08D244BB1DF95B2000AAC89F /* Base */,
			);
			name = Main.storyboard;
			sourceTree = "<group>";
		};
		08D244C21DF95B2000AAC89F /* LaunchScreen.storyboard */ = {
			isa = PBXVariantGroup;
			children = (
				08D244C31DF95B2000AAC89F /* Base */,
			);
			name = LaunchScreen.storyboard;
			sourceTree = "<group>";
		};
/* End PBXVariantGroup section */

/* Begin XCBuildConfiguration section */
		08D244DC1DF95B2000AAC89F /* Debug */ = {
			isa = XCBuildConfiguration;
			buildSettings = {
				ALWAYS_SEARCH_USER_PATHS = NO;
				CLANG_ANALYZER_NONNULL = YES;
				CLANG_CXX_LANGUAGE_STANDARD = "gnu++0x";
				CLANG_CXX_LIBRARY = "libc++";
				CLANG_ENABLE_MODULES = YES;
				CLANG_ENABLE_OBJC_ARC = YES;
				CLANG_WARN_BOOL_CONVERSION = YES;
				CLANG_WARN_CONSTANT_CONVERSION = YES;
				CLANG_WARN_DIRECT_OBJC_ISA_USAGE = YES_ERROR;
				CLANG_WARN_DOCUMENTATION_COMMENTS = YES;
				CLANG_WARN_EMPTY_BODY = YES;
				CLANG_WARN_ENUM_CONVERSION = YES;
				CLANG_WARN_INFINITE_RECURSION = YES;
				CLANG_WARN_INT_CONVERSION = YES;
				CLANG_WARN_OBJC_ROOT_CLASS = YES_ERROR;
				CLANG_WARN_SUSPICIOUS_MOVES = YES;
				CLANG_WARN_UNREACHABLE_CODE = YES;
				CLANG_WARN__DUPLICATE_METHOD_MATCH = YES;
				"CODE_SIGN_IDENTITY[sdk=iphoneos*]" = "iPhone Developer";
				COPY_PHASE_STRIP = NO;
				DEBUG_INFORMATION_FORMAT = dwarf;
				ENABLE_STRICT_OBJC_MSGSEND = YES;
				ENABLE_TESTABILITY = YES;
				GCC_C_LANGUAGE_STANDARD = gnu99;
				GCC_DYNAMIC_NO_PIC = NO;
				GCC_NO_COMMON_BLOCKS = YES;
				GCC_OPTIMIZATION_LEVEL = 0;
				GCC_PREPROCESSOR_DEFINITIONS = (
					"DEBUG=1",
					"$(inherited)",
				);
				GCC_WARN_64_TO_32_BIT_CONVERSION = YES;
				GCC_WARN_ABOUT_RETURN_TYPE = YES_ERROR;
				GCC_WARN_UNDECLARED_SELECTOR = YES;
				GCC_WARN_UNINITIALIZED_AUTOS = YES_AGGRESSIVE;
				GCC_WARN_UNUSED_FUNCTION = YES;
				GCC_WARN_UNUSED_VARIABLE = YES;
				IPHONEOS_DEPLOYMENT_TARGET = 10.0;
				MTL_ENABLE_DEBUG_INFO = YES;
				ONLY_ACTIVE_ARCH = YES;
				SDKROOT = iphoneos;
				SWIFT_ACTIVE_COMPILATION_CONDITIONS = DEBUG;
				SWIFT_OPTIMIZATION_LEVEL = "-Onone";
				TARGETED_DEVICE_FAMILY = "1,2";
			};
			name = Debug;
		};
		08D244DD1DF95B2000AAC89F /* Release */ = {
			isa = XCBuildConfiguration;
			buildSettings = {
				ALWAYS_SEARCH_USER_PATHS = NO;
				CLANG_ANALYZER_NONNULL = YES;
				CLANG_CXX_LANGUAGE_STANDARD = "gnu++0x";
				CLANG_CXX_LIBRARY = "libc++";
				CLANG_ENABLE_MODULES = YES;
				CLANG_ENABLE_OBJC_ARC = YES;
				CLANG_WARN_BOOL_CONVERSION = YES;
				CLANG_WARN_CONSTANT_CONVERSION = YES;
				CLANG_WARN_DIRECT_OBJC_ISA_USAGE = YES_ERROR;
				CLANG_WARN_DOCUMENTATION_COMMENTS = YES;
				CLANG_WARN_EMPTY_BODY = YES;
				CLANG_WARN_ENUM_CONVERSION = YES;
				CLANG_WARN_INFINITE_RECURSION = YES;
				CLANG_WARN_INT_CONVERSION = YES;
				CLANG_WARN_OBJC_ROOT_CLASS = YES_ERROR;
				CLANG_WARN_SUSPICIOUS_MOVES = YES;
				CLANG_WARN_UNREACHABLE_CODE = YES;
				CLANG_WARN__DUPLICATE_METHOD_MATCH = YES;
				"CODE_SIGN_IDENTITY[sdk=iphoneos*]" = "iPhone Developer";
				COPY_PHASE_STRIP = NO;
				DEBUG_INFORMATION_FORMAT = "dwarf-with-dsym";
				ENABLE_NS_ASSERTIONS = NO;
				ENABLE_STRICT_OBJC_MSGSEND = YES;
				GCC_C_LANGUAGE_STANDARD = gnu99;
				GCC_NO_COMMON_BLOCKS = YES;
				GCC_WARN_64_TO_32_BIT_CONVERSION = YES;
				GCC_WARN_ABOUT_RETURN_TYPE = YES_ERROR;
				GCC_WARN_UNDECLARED_SELECTOR = YES;
				GCC_WARN_UNINITIALIZED_AUTOS = YES_AGGRESSIVE;
				GCC_WARN_UNUSED_FUNCTION = YES;
				GCC_WARN_UNUSED_VARIABLE = YES;
				IPHONEOS_DEPLOYMENT_TARGET = 10.0;
				MTL_ENABLE_DEBUG_INFO = NO;
				SDKROOT = iphoneos;
				SWIFT_OPTIMIZATION_LEVEL = "-Owholemodule";
				TARGETED_DEVICE_FAMILY = "1,2";
				VALIDATE_PRODUCT = YES;
			};
			name = Release;
		};
		08D244DF1DF95B2000AAC89F /* Debug */ = {
			isa = XCBuildConfiguration;
			buildSettings = {
				ASSETCATALOG_COMPILER_APPICON_NAME = AppIcon;
				INFOPLIST_FILE = "Min Faktura v1/Info.plist";
				LD_RUNPATH_SEARCH_PATHS = "$(inherited) @executable_path/Frameworks";
				PRODUCT_BUNDLE_IDENTIFIER = "MAVI.Min-Faktura-v1";
				PRODUCT_NAME = "$(TARGET_NAME)";
				SWIFT_VERSION = 3.0;
			};
			name = Debug;
		};
		08D244E01DF95B2000AAC89F /* Release */ = {
			isa = XCBuildConfiguration;
			buildSettings = {
				ASSETCATALOG_COMPILER_APPICON_NAME = AppIcon;
				INFOPLIST_FILE = "Min Faktura v1/Info.plist";
				LD_RUNPATH_SEARCH_PATHS = "$(inherited) @executable_path/Frameworks";
				PRODUCT_BUNDLE_IDENTIFIER = "MAVI.Min-Faktura-v1";
				PRODUCT_NAME = "$(TARGET_NAME)";
				SWIFT_VERSION = 3.0;
			};
			name = Release;
		};
		08D244E21DF95B2000AAC89F /* Debug */ = {
			isa = XCBuildConfiguration;
			buildSettings = {
				ALWAYS_EMBED_SWIFT_STANDARD_LIBRARIES = YES;
				BUNDLE_LOADER = "$(TEST_HOST)";
				INFOPLIST_FILE = "Min Faktura v1Tests/Info.plist";
				LD_RUNPATH_SEARCH_PATHS = "$(inherited) @executable_path/Frameworks @loader_path/Frameworks";
				PRODUCT_BUNDLE_IDENTIFIER = "MAVI.Min-Faktura-v1Tests";
				PRODUCT_NAME = "$(TARGET_NAME)";
				SWIFT_VERSION = 3.0;
				TEST_HOST = "$(BUILT_PRODUCTS_DIR)/Min Faktura v1.app/Min Faktura v1";
			};
			name = Debug;
		};
		08D244E31DF95B2000AAC89F /* Release */ = {
			isa = XCBuildConfiguration;
			buildSettings = {
				ALWAYS_EMBED_SWIFT_STANDARD_LIBRARIES = YES;
				BUNDLE_LOADER = "$(TEST_HOST)";
				INFOPLIST_FILE = "Min Faktura v1Tests/Info.plist";
				LD_RUNPATH_SEARCH_PATHS = "$(inherited) @executable_path/Frameworks @loader_path/Frameworks";
				PRODUCT_BUNDLE_IDENTIFIER = "MAVI.Min-Faktura-v1Tests";
				PRODUCT_NAME = "$(TARGET_NAME)";
				SWIFT_VERSION = 3.0;
				TEST_HOST = "$(BUILT_PRODUCTS_DIR)/Min Faktura v1.app/Min Faktura v1";
			};
			name = Release;
		};
		08D244E51DF95B2000AAC89F /* Debug */ = {
			isa = XCBuildConfiguration;
			buildSettings = {
				ALWAYS_EMBED_SWIFT_STANDARD_LIBRARIES = YES;
				INFOPLIST_FILE = "Min Faktura v1UITests/Info.plist";
				LD_RUNPATH_SEARCH_PATHS = "$(inherited) @executable_path/Frameworks @loader_path/Frameworks";
				PRODUCT_BUNDLE_IDENTIFIER = "MAVI.Min-Faktura-v1UITests";
				PRODUCT_NAME = "$(TARGET_NAME)";
				SWIFT_VERSION = 3.0;
				TEST_TARGET_NAME = "Min Faktura v1";
			};
			name = Debug;
		};
		08D244E61DF95B2000AAC89F /* Release */ = {
			isa = XCBuildConfiguration;
			buildSettings = {
				ALWAYS_EMBED_SWIFT_STANDARD_LIBRARIES = YES;
				INFOPLIST_FILE = "Min Faktura v1UITests/Info.plist";
				LD_RUNPATH_SEARCH_PATHS = "$(inherited) @executable_path/Frameworks @loader_path/Frameworks";
				PRODUCT_BUNDLE_IDENTIFIER = "MAVI.Min-Faktura-v1UITests";
				PRODUCT_NAME = "$(TARGET_NAME)";
				SWIFT_VERSION = 3.0;
				TEST_TARGET_NAME = "Min Faktura v1";
			};
			name = Release;
		};
/* End XCBuildConfiguration section */

/* Begin XCConfigurationList section */
		08D244AE1DF95B1F00AAC89F /* Build configuration list for PBXProject "Min Faktura v1" */ = {
			isa = XCConfigurationList;
			buildConfigurations = (
				08D244DC1DF95B2000AAC89F /* Debug */,
				08D244DD1DF95B2000AAC89F /* Release */,
			);
			defaultConfigurationIsVisible = 0;
			defaultConfigurationName = Release;
		};
		08D244DE1DF95B2000AAC89F /* Build configuration list for PBXNativeTarget "Min Faktura v1" */ = {
			isa = XCConfigurationList;
			buildConfigurations = (
				08D244DF1DF95B2000AAC89F /* Debug */,
				08D244E01DF95B2000AAC89F /* Release */,
			);
			defaultConfigurationIsVisible = 0;
		};
		08D244E11DF95B2000AAC89F /* Build configuration list for PBXNativeTarget "Min Faktura v1Tests" */ = {
			isa = XCConfigurationList;
			buildConfigurations = (
				08D244E21DF95B2000AAC89F /* Debug */,
				08D244E31DF95B2000AAC89F /* Release */,
			);
			defaultConfigurationIsVisible = 0;
		};
		08D244E41DF95B2000AAC89F /* Build configuration list for PBXNativeTarget "Min Faktura v1UITests" */ = {
			isa = XCConfigurationList;
			buildConfigurations = (
				08D244E51DF95B2000AAC89F /* Debug */,
				08D244E61DF95B2000AAC89F /* Release */,
			);
			defaultConfigurationIsVisible = 0;
		};
/* End XCConfigurationList section */

/* Begin XCVersionGroup section */
		08D244BD1DF95B2000AAC89F /* Min_Faktura_v1.xcdatamodeld */ = {
			isa = XCVersionGroup;
			children = (
				08D244BE1DF95B2000AAC89F /* Min_Faktura_v1.xcdatamodel */,
			);
			currentVersion = 08D244BE1DF95B2000AAC89F /* Min_Faktura_v1.xcdatamodel */;
			path = Min_Faktura_v1.xcdatamodeld;
			sourceTree = "<group>";
			versionGroupType = wrapper.xcdatamodel;
		};
/* End XCVersionGroup section */
	};
	rootObject = 08D244AB1DF95B1F00AAC89F /* Project object */;
}
